
Microsoft Visual Studio Solution File, Format Version 12.00
# Visual Studio Version 16
VisualStudioVersion = 16.0.30011.22
MinimumVisualStudioVersion = 10.0.40219.1
Project("{FAE04EC0-301F-11D3-BF4B-00C04F79EFBC}") = "CosmosDBFundSweepingSampleApp.Web", "CosmosDBFundSweepingSampleApp.Web\CosmosDBFundSweepingSampleApp.Web.csproj", "{561C1C83-466A-4831-B141-8718577B6EDB}"
EndProject
Project("{FAE04EC0-301F-11D3-BF4B-00C04F79EFBC}") = "CosmosDBFundSweepingSampleApp.API", "CosmosDBFundSweepingSampleApp.API\CosmosDBFundSweepingSampleApp.API.csproj", "{8BC95D0D-D4C4-4375-9594-E60670B52F84}"
EndProject
Project("{FAE04EC0-301F-11D3-BF4B-00C04F79EFBC}") = "CosmosDBFundSweepingSampleApp.Core", "CosmosDBFundSweepingSampleApp.Core\CosmosDBFundSweepingSampleApp.Core.csproj", "{9291CC9A-FF1C-4F3A-BC17-6E9A9A6376E5}"
EndProject
Global
	GlobalSection(SolutionConfigurationPlatforms) = preSolution
		Debug|Any CPU = Debug|Any CPU
		Release|Any CPU = Release|Any CPU
	EndGlobalSection
	GlobalSection(ProjectConfigurationPlatforms) = postSolution
		{561C1C83-466A-4831-B141-8718577B6EDB}.Debug|Any CPU.ActiveCfg = Debug|Any CPU
		{561C1C83-466A-4831-B141-8718577B6EDB}.Debug|Any CPU.Build.0 = Debug|Any CPU
		{561C1C83-466A-4831-B141-8718577B6EDB}.Release|Any CPU.ActiveCfg = Release|Any CPU
		{561C1C83-466A-4831-B141-8718577B6EDB}.Release|Any CPU.Build.0 = Release|Any CPU
		{8BC95D0D-D4C4-4375-9594-E60670B52F84}.Debug|Any CPU.ActiveCfg = Debug|Any CPU
		{8BC95D0D-D4C4-4375-9594-E60670B52F84}.Debug|Any CPU.Build.0 = Debug|Any CPU
		{8BC95D0D-D4C4-4375-9594-E60670B52F84}.Release|Any CPU.ActiveCfg = Release|Any CPU
		{8BC95D0D-D4C4-4375-9594-E60670B52F84}.Release|Any CPU.Build.0 = Release|Any CPU
		{9291CC9A-FF1C-4F3A-BC17-6E9A9A6376E5}.Debug|Any CPU.ActiveCfg = Debug|Any CPU
		{9291CC9A-FF1C-4F3A-BC17-6E9A9A6376E5}.Debug|Any CPU.Build.0 = Debug|Any CPU
		{9291CC9A-FF1C-4F3A-BC17-6E9A9A6376E5}.Release|Any CPU.ActiveCfg = Release|Any CPU
		{9291CC9A-FF1C-4F3A-BC17-6E9A9A6376E5}.Release|Any CPU.Build.0 = Release|Any CPU
	EndGlobalSection
	GlobalSection(SolutionProperties) = preSolution
		HideSolutionNode = FALSE
	EndGlobalSection
	GlobalSection(ExtensibilityGlobals) = postSolution
		SolutionGuid = {86B49CE1-3A4A-4107-A154-4EC727083432}
	EndGlobalSection
EndGlobal
